
Microsoft Visual Studio Solution File, Format Version 12.00
# Visual Studio Version 16
VisualStudioVersion = 16.0.31005.135
MinimumVisualStudioVersion = 10.0.40219.1
Project("{9A19103F-16F7-4668-BE54-9A1E7A4F7556}") = "EventBusCore", "EventBusCore\EventBusCore.csproj", "{EC4B5A6D-94C7-4995-93D4-C766A40513D9}"
EndProject
Project("{9A19103F-16F7-4668-BE54-9A1E7A4F7556}") = "StartEventBusTest", "StartEventBusTest\StartEventBusTest.csproj", "{C8CB6442-97C2-4FA6-8AF5-959664E40590}"
EndProject
Project("{9A19103F-16F7-4668-BE54-9A1E7A4F7556}") = "WebApplication1", "WebApplication1\WebApplication1.csproj", "{152DB803-2599-4803-912C-CFFC9B6DC7C4}"
EndProject
Global
	GlobalSection(SolutionConfigurationPlatforms) = preSolution
		Debug|Any CPU = Debug|Any CPU
		Release|Any CPU = Release|Any CPU
	EndGlobalSection
	GlobalSection(ProjectConfigurationPlatforms) = postSolution
		{EC4B5A6D-94C7-4995-93D4-C766A40513D9}.Debug|Any CPU.ActiveCfg = Debug|Any CPU
		{EC4B5A6D-94C7-4995-93D4-C766A40513D9}.Debug|Any CPU.Build.0 = Debug|Any CPU
		{EC4B5A6D-94C7-4995-93D4-C766A40513D9}.Release|Any CPU.ActiveCfg = Release|Any CPU
		{EC4B5A6D-94C7-4995-93D4-C766A40513D9}.Release|Any CPU.Build.0 = Release|Any CPU
		{C8CB6442-97C2-4FA6-8AF5-959664E40590}.Debug|Any CPU.ActiveCfg = Debug|Any CPU
		{C8CB6442-97C2-4FA6-8AF5-959664E40590}.Debug|Any CPU.Build.0 = Debug|Any CPU
		{C8CB6442-97C2-4FA6-8AF5-959664E40590}.Release|Any CPU.ActiveCfg = Release|Any CPU
		{C8CB6442-97C2-4FA6-8AF5-959664E40590}.Release|Any CPU.Build.0 = Release|Any CPU
		{152DB803-2599-4803-912C-CFFC9B6DC7C4}.Debug|Any CPU.ActiveCfg = Debug|Any CPU
		{152DB803-2599-4803-912C-CFFC9B6DC7C4}.Debug|Any CPU.Build.0 = Debug|Any CPU
		{152DB803-2599-4803-912C-CFFC9B6DC7C4}.Release|Any CPU.ActiveCfg = Release|Any CPU
		{152DB803-2599-4803-912C-CFFC9B6DC7C4}.Release|Any CPU.Build.0 = Release|Any CPU
	EndGlobalSection
	GlobalSection(SolutionProperties) = preSolution
		HideSolutionNode = FALSE
	EndGlobalSection
	GlobalSection(ExtensibilityGlobals) = postSolution
		SolutionGuid = {72792640-0423-46AB-8B68-4EAFE32AE1C0}
	EndGlobalSection
EndGlobal
